
Microsoft Visual Studio Solution File, Format Version 12.00
# Visual Studio Version 17
VisualStudioVersion = 17.2.32630.192
MinimumVisualStudioVersion = 10.0.40219.1
Project("{FAE04EC0-301F-11D3-BF4B-00C04F79EFBC}") = "MeuPrimeiroProgramaCSharp", "MeuPrimeiroProgramaCSharp\MeuPrimeiroProgramaCSharp.csproj", "{3D6BD6B6-33F6-4DF2-BAAF-45DDD78E7EB2}"
EndProject
Global
	GlobalSection(SolutionConfigurationPlatforms) = preSolution
		Debug|Any CPU = Debug|Any CPU
		Release|Any CPU = Release|Any CPU
	EndGlobalSection
	GlobalSection(ProjectConfigurationPlatforms) = postSolution
		{3D6BD6B6-33F6-4DF2-BAAF-45DDD78E7EB2}.Debug|Any CPU.ActiveCfg = Debug|Any CPU
		{3D6BD6B6-33F6-4DF2-BAAF-45DDD78E7EB2}.Debug|Any CPU.Build.0 = Debug|Any CPU
		{3D6BD6B6-33F6-4DF2-BAAF-45DDD78E7EB2}.Release|Any CPU.ActiveCfg = Release|Any CPU
		{3D6BD6B6-33F6-4DF2-BAAF-45DDD78E7EB2}.Release|Any CPU.Build.0 = Release|Any CPU
	EndGlobalSection
	GlobalSection(SolutionProperties) = preSolution
		HideSolutionNode = FALSE
	EndGlobalSection
	GlobalSection(ExtensibilityGlobals) = postSolution
		SolutionGuid = {262AF255-CF03-4206-BB37-2DF3A8FD6B0C}
	EndGlobalSection
EndGlobal
